
Microsoft Visual Studio Solution File, Format Version 12.00
# Visual Studio 2012
Project("{FAE04EC0-301F-11D3-BF4B-00C04F79EFBC}") = "SamplePoorDIService", "SamplePoorDIService\SamplePoorDIService.csproj", "{43F3FFE3-E861-44EC-93D0-E30D1AC69997}"
EndProject
Project("{FAE04EC0-301F-11D3-BF4B-00C04F79EFBC}") = "TestClient", "TestClient\TestClient.csproj", "{48B20AB3-D8F3-43B2-B5D1-CAF621CCAB76}"
EndProject
Project("{FAE04EC0-301F-11D3-BF4B-00C04F79EFBC}") = "ReportsDomain", "ReportsDomain\ReportsDomain.csproj", "{D7875653-F03C-44C8-96F6-753281B5A23D}"
EndProject
Project("{FAE04EC0-301F-11D3-BF4B-00C04F79EFBC}") = "UnityDIService", "UnityDIService\UnityDIService.csproj", "{825DE86C-B02D-4EAA-A261-FF57A8B3DCBA}"
EndProject
Global
	GlobalSection(SolutionConfigurationPlatforms) = preSolution
		Debug|Any CPU = Debug|Any CPU
		Release|Any CPU = Release|Any CPU
	EndGlobalSection
	GlobalSection(ProjectConfigurationPlatforms) = postSolution
		{43F3FFE3-E861-44EC-93D0-E30D1AC69997}.Debug|Any CPU.ActiveCfg = Debug|Any CPU
		{43F3FFE3-E861-44EC-93D0-E30D1AC69997}.Debug|Any CPU.Build.0 = Debug|Any CPU
		{43F3FFE3-E861-44EC-93D0-E30D1AC69997}.Release|Any CPU.ActiveCfg = Release|Any CPU
		{43F3FFE3-E861-44EC-93D0-E30D1AC69997}.Release|Any CPU.Build.0 = Release|Any CPU
		{48B20AB3-D8F3-43B2-B5D1-CAF621CCAB76}.Debug|Any CPU.ActiveCfg = Debug|Any CPU
		{48B20AB3-D8F3-43B2-B5D1-CAF621CCAB76}.Debug|Any CPU.Build.0 = Debug|Any CPU
		{48B20AB3-D8F3-43B2-B5D1-CAF621CCAB76}.Release|Any CPU.ActiveCfg = Release|Any CPU
		{48B20AB3-D8F3-43B2-B5D1-CAF621CCAB76}.Release|Any CPU.Build.0 = Release|Any CPU
		{D7875653-F03C-44C8-96F6-753281B5A23D}.Debug|Any CPU.ActiveCfg = Debug|Any CPU
		{D7875653-F03C-44C8-96F6-753281B5A23D}.Debug|Any CPU.Build.0 = Debug|Any CPU
		{D7875653-F03C-44C8-96F6-753281B5A23D}.Release|Any CPU.ActiveCfg = Release|Any CPU
		{D7875653-F03C-44C8-96F6-753281B5A23D}.Release|Any CPU.Build.0 = Release|Any CPU
		{825DE86C-B02D-4EAA-A261-FF57A8B3DCBA}.Debug|Any CPU.ActiveCfg = Debug|Any CPU
		{825DE86C-B02D-4EAA-A261-FF57A8B3DCBA}.Debug|Any CPU.Build.0 = Debug|Any CPU
		{825DE86C-B02D-4EAA-A261-FF57A8B3DCBA}.Release|Any CPU.ActiveCfg = Release|Any CPU
		{825DE86C-B02D-4EAA-A261-FF57A8B3DCBA}.Release|Any CPU.Build.0 = Release|Any CPU
	EndGlobalSection
	GlobalSection(SolutionProperties) = preSolution
		HideSolutionNode = FALSE
	EndGlobalSection
	GlobalSection(ExtensibilityGlobals) = postSolution
		EnterpriseLibraryConfigurationToolBinariesPath = packages\Unity.2.1.505.2\lib\NET35
	EndGlobalSection
EndGlobal
